
Microsoft Visual Studio Solution File, Format Version 12.00
# Visual Studio Version 17
VisualStudioVersion = 17.5.33414.496
MinimumVisualStudioVersion = 10.0.40219.1
Project("{FAE04EC0-301F-11D3-BF4B-00C04F79EFBC}") = "ChiselniMeoduLaba2", "ChiselniMeoduLaba2\ChiselniMeoduLaba2.csproj", "{1B982754-64AD-4ACF-9648-FD04A0519885}"
EndProject
Global
	GlobalSection(SolutionConfigurationPlatforms) = preSolution
		Debug|Any CPU = Debug|Any CPU
		Release|Any CPU = Release|Any CPU
	EndGlobalSection
	GlobalSection(ProjectConfigurationPlatforms) = postSolution
		{1B982754-64AD-4ACF-9648-FD04A0519885}.Debug|Any CPU.ActiveCfg = Debug|Any CPU
		{1B982754-64AD-4ACF-9648-FD04A0519885}.Debug|Any CPU.Build.0 = Debug|Any CPU
		{1B982754-64AD-4ACF-9648-FD04A0519885}.Release|Any CPU.ActiveCfg = Release|Any CPU
		{1B982754-64AD-4ACF-9648-FD04A0519885}.Release|Any CPU.Build.0 = Release|Any CPU
	EndGlobalSection
	GlobalSection(SolutionProperties) = preSolution
		HideSolutionNode = FALSE
	EndGlobalSection
	GlobalSection(ExtensibilityGlobals) = postSolution
		SolutionGuid = {25CEF3DA-8BC9-461A-9179-733121E537A6}
	EndGlobalSection
EndGlobal
